// !$*UTF8*$!
{
	archiveVersion = 1;
	classes = {
	};
	objectVersion = 77;
	objects = {

/* Begin PBXBuildFile section */
		60D179F02EFC5E8000EBBBF8 /* WidgetKit.framework in Frameworks */ = {isa = PBXBuildFile; fileRef = 60D179EF2EFC5E8000EBBBF8 /* WidgetKit.framework */; };
		60D179F22EFC5E8000EBBBF8 /* SwiftUI.framework in Frameworks */ = {isa = PBXBuildFile; fileRef = 60D179F12EFC5E8000EBBBF8 /* SwiftUI.framework */; };
		60D179FF2EFC5E8200EBBBF8 /* NepaliDateWidgetExtension.appex in Embed Foundation Extensions */ = {isa = PBXBuildFile; fileRef = 60D179ED2EFC5E8000EBBBF8 /* NepaliDateWidgetExtension.appex */; settings = {ATTRIBUTES = (RemoveHeadersOnCopy, ); }; };
/* End PBXBuildFile section */

/* Begin PBXContainerItemProxy section */
		603F50742EF84370008E8ADE /* PBXContainerItemProxy */ = {
			isa = PBXContainerItemProxy;
			containerPortal = 603F505E2EF8436E008E8ADE /* Project object */;
			proxyType = 1;
			remoteGlobalIDString = 603F50652EF8436E008E8ADE;
			remoteInfo = "Nepali Date";
		};
		603F507E2EF84370008E8ADE /* PBXContainerItemProxy */ = {
			isa = PBXContainerItemProxy;
			containerPortal = 603F505E2EF8436E008E8ADE /* Project object */;
			proxyType = 1;
			remoteGlobalIDString = 603F50652EF8436E008E8ADE;
			remoteInfo = "Nepali Date";
		};
		60D179FD2EFC5E8200EBBBF8 /* PBXContainerItemProxy */ = {
			isa = PBXContainerItemProxy;
			containerPortal = 603F505E2EF8436E008E8ADE /* Project object */;
			proxyType = 1;
			remoteGlobalIDString = 60D179EC2EFC5E8000EBBBF8;
			remoteInfo = NepaliDateWidgetExtension;
		};
/* End PBXContainerItemProxy section */

/* Begin PBXCopyFilesBuildPhase section */
		60D17A002EFC5E8200EBBBF8 /* Embed Foundation Extensions */ = {
			isa = PBXCopyFilesBuildPhase;
			buildActionMask = 2147483647;
			dstPath = "";
			dstSubfolderSpec = 13;
			files = (
				60D179FF2EFC5E8200EBBBF8 /* NepaliDateWidgetExtension.appex in Embed Foundation Extensions */,
			);
			name = "Embed Foundation Extensions";
			runOnlyForDeploymentPostprocessing = 0;
		};
/* End PBXCopyFilesBuildPhase section */

/* Begin PBXFileReference section */
		603F50662EF8436E008E8ADE /* Nepali Date.app */ = {isa = PBXFileReference; explicitFileType = wrapper.application; includeInIndex = 0; path = "Nepali Date.app"; sourceTree = BUILT_PRODUCTS_DIR; };
		603F50732EF84370008E8ADE /* Nepali DateTests.xctest */ = {isa = PBXFileReference; explicitFileType = wrapper.cfbundle; includeInIndex = 0; path = "Nepali DateTests.xctest"; sourceTree = BUILT_PRODUCTS_DIR; };
		603F507D2EF84370008E8ADE /* Nepali DateUITests.xctest */ = {isa = PBXFileReference; explicitFileType = wrapper.cfbundle; includeInIndex = 0; path = "Nepali DateUITests.xctest"; sourceTree = BUILT_PRODUCTS_DIR; };
		60D179ED2EFC5E8000EBBBF8 /* NepaliDateWidgetExtension.appex */ = {isa = PBXFileReference; explicitFileType = "wrapper.app-extension"; includeInIndex = 0; path = NepaliDateWidgetExtension.appex; sourceTree = BUILT_PRODUCTS_DIR; };
		60D179EF2EFC5E8000EBBBF8 /* WidgetKit.framework */ = {isa = PBXFileReference; lastKnownFileType = wrapper.framework; name = WidgetKit.framework; path = System/Library/Frameworks/WidgetKit.framework; sourceTree = SDKROOT; };
		60D179F12EFC5E8000EBBBF8 /* SwiftUI.framework */ = {isa = PBXFileReference; lastKnownFileType = wrapper.framework; name = SwiftUI.framework; path = System/Library/Frameworks/SwiftUI.framework; sourceTree = SDKROOT; };
/* End PBXFileReference section */

/* Begin PBXFileSystemSynchronizedBuildFileExceptionSet section */
		60D17A032EFC5E8200EBBBF8 /* Exceptions for "NepaliDateWidget" folder in "NepaliDateWidgetExtension" target */ = {
			isa = PBXFileSystemSynchronizedBuildFileExceptionSet;
			membershipExceptions = (
				Info.plist,
			);
			target = 60D179EC2EFC5E8000EBBBF8 /* NepaliDateWidgetExtension */;
		};
/* End PBXFileSystemSynchronizedBuildFileExceptionSet section */

/* Begin PBXFileSystemSynchronizedRootGroup section */
		603F50682EF8436E008E8ADE /* Nepali Date */ = {
			isa = PBXFileSystemSynchronizedRootGroup;
			path = "Nepali Date";
			sourceTree = "<group>";
		};
		603F50762EF84370008E8ADE /* Nepali DateTests */ = {
			isa = PBXFileSystemSynchronizedRootGroup;
			path = "Nepali DateTests";
			sourceTree = "<group>";
		};
		603F50802EF84370008E8ADE /* Nepali DateUITests */ = {
			isa = PBXFileSystemSynchronizedRootGroup;
			path = "Nepali DateUITests";
			sourceTree = "<group>";
		};
		60D179F32EFC5E8000EBBBF8 /* NepaliDateWidget */ = {
			isa = PBXFileSystemSynchronizedRootGroup;
			exceptions = (
				60D17A032EFC5E8200EBBBF8 /* Exceptions for "NepaliDateWidget" folder in "NepaliDateWidgetExtension" target */,
			);
			path = NepaliDateWidget;
			sourceTree = "<group>";
		};
/* End PBXFileSystemSynchronizedRootGroup section */

/* Begin PBXFrameworksBuildPhase section */
		603F50632EF8436E008E8ADE /* Frameworks */ = {
			isa = PBXFrameworksBuildPhase;
			buildActionMask = 2147483647;
			files = (
			);
			runOnlyForDeploymentPostprocessing = 0;
		};
		603F50702EF84370008E8ADE /* Frameworks */ = {
			isa = PBXFrameworksBuildPhase;
			buildActionMask = 2147483647;
			files = (
			);
			runOnlyForDeploymentPostprocessing = 0;
		};
		603F507A2EF84370008E8ADE /* Frameworks */ = {
			isa = PBXFrameworksBuildPhase;
			buildActionMask = 2147483647;
			files = (
			);
			runOnlyForDeploymentPostprocessing = 0;
		};
		60D179EA2EFC5E8000EBBBF8 /* Frameworks */ = {
			isa = PBXFrameworksBuildPhase;
			buildActionMask = 2147483647;
			files = (
				60D179F22EFC5E8000EBBBF8 /* SwiftUI.framework in Frameworks */,
				60D179F02EFC5E8000EBBBF8 /* WidgetKit.framework in Frameworks */,
			);
			runOnlyForDeploymentPostprocessing = 0;
		};
/* End PBXFrameworksBuildPhase section */

/* Begin PBXGroup section */
		603F505D2EF8436E008E8ADE = {
			isa = PBXGroup;
			children = (
				603F50682EF8436E008E8ADE /* Nepali Date */,
				603F50762EF84370008E8ADE /* Nepali DateTests */,
				603F50802EF84370008E8ADE /* Nepali DateUITests */,
				60D179F32EFC5E8000EBBBF8 /* NepaliDateWidget */,
				60D179EE2EFC5E8000EBBBF8 /* Frameworks */,
				603F50672EF8436E008E8ADE /* Products */,
			);
			sourceTree = "<group>";
		};
		603F50672EF8436E008E8ADE /* Products */ = {
			isa = PBXGroup;
			children = (
				603F50662EF8436E008E8ADE /* Nepali Date.app */,
				603F50732EF84370008E8ADE /* Nepali DateTests.xctest */,
				603F507D2EF84370008E8ADE /* Nepali DateUITests.xctest */,
				60D179ED2EFC5E8000EBBBF8 /* NepaliDateWidgetExtension.appex */,
			);
			name = Products;
			sourceTree = "<group>";
		};
		60D179EE2EFC5E8000EBBBF8 /* Frameworks */ = {
			isa = PBXGroup;
			children = (
				60D179EF2EFC5E8000EBBBF8 /* WidgetKit.framework */,
				60D179F12EFC5E8000EBBBF8 /* SwiftUI.framework */,
			);
			name = Frameworks;
			sourceTree = "<group>";
		};
/* End PBXGroup section */

/* Begin PBXNativeTarget section */
		603F50652EF8436E008E8ADE /* Nepali Date */ = {
			isa = PBXNativeTarget;
			buildConfigurationList = 603F50872EF84370008E8ADE /* Build configuration list for PBXNativeTarget "Nepali Date" */;
			buildPhases = (
				603F50622EF8436E008E8ADE /* Sources */,
				603F50632EF8436E008E8ADE /* Frameworks */,
				603F50642EF8436E008E8ADE /* Resources */,
				60D17A002EFC5E8200EBBBF8 /* Embed Foundation Extensions */,
			);
			buildRules = (
			);
			dependencies = (
				60D179FE2EFC5E8200EBBBF8 /* PBXTargetDependency */,
			);
			fileSystemSynchronizedGroups = (
				603F50682EF8436E008E8ADE /* Nepali Date */,
			);
			name = "Nepali Date";
			packageProductDependencies = (
			);
			productName = "Nepali Date";
			productReference = 603F50662EF8436E008E8ADE /* Nepali Date.app */;
			productType = "com.apple.product-type.application";
		};
		603F50722EF84370008E8ADE /* Nepali DateTests */ = {
			isa = PBXNativeTarget;
			buildConfigurationList = 603F508A2EF84370008E8ADE /* Build configuration list for PBXNativeTarget "Nepali DateTests" */;
			buildPhases = (
				603F506F2EF84370008E8ADE /* Sources */,
				603F50702EF84370008E8ADE /* Frameworks */,
				603F50712EF84370008E8ADE /* Resources */,
			);
			buildRules = (
			);
			dependencies = (
				603F50752EF84370008E8ADE /* PBXTargetDependency */,
			);
			fileSystemSynchronizedGroups = (
				603F50762EF84370008E8ADE /* Nepali DateTests */,
			);
			name = "Nepali DateTests";
			packageProductDependencies = (
			);
			productName = "Nepali DateTests";
			productReference = 603F50732EF84370008E8ADE /* Nepali DateTests.xctest */;
			productType = "com.apple.product-type.bundle.unit-test";
		};
		603F507C2EF84370008E8ADE /* Nepali DateUITests */ = {
			isa = PBXNativeTarget;
			buildConfigurationList = 603F508D2EF84370008E8ADE /* Build configuration list for PBXNativeTarget "Nepali DateUITests" */;
			buildPhases = (
				603F50792EF84370008E8ADE /* Sources */,
				603F507A2EF84370008E8ADE /* Frameworks */,
				603F507B2EF84370008E8ADE /* Resources */,
			);
			buildRules = (
			);
			dependencies = (
				603F507F2EF84370008E8ADE /* PBXTargetDependency */,
			);
			fileSystemSynchronizedGroups = (
				603F50802EF84370008E8ADE /* Nepali DateUITests */,
			);
			name = "Nepali DateUITests";
			packageProductDependencies = (
			);
			productName = "Nepali DateUITests";
			productReference = 603F507D2EF84370008E8ADE /* Nepali DateUITests.xctest */;
			productType = "com.apple.product-type.bundle.ui-testing";
		};
		60D179EC2EFC5E8000EBBBF8 /* NepaliDateWidgetExtension */ = {
			isa = PBXNativeTarget;
			buildConfigurationList = 60D17A042EFC5E8200EBBBF8 /* Build configuration list for PBXNativeTarget "NepaliDateWidgetExtension" */;
			buildPhases = (
				60D179E92EFC5E8000EBBBF8 /* Sources */,
				60D179EA2EFC5E8000EBBBF8 /* Frameworks */,
				60D179EB2EFC5E8000EBBBF8 /* Resources */,
			);
			buildRules = (
			);
			dependencies = (
			);
			fileSystemSynchronizedGroups = (
				60D179F32EFC5E8000EBBBF8 /* NepaliDateWidget */,
			);
			name = NepaliDateWidgetExtension;
			packageProductDependencies = (
			);
			productName = NepaliDateWidgetExtension;
			productReference = 60D179ED2EFC5E8000EBBBF8 /* NepaliDateWidgetExtension.appex */;
			productType = "com.apple.product-type.app-extension";
		};
/* End PBXNativeTarget section */

/* Begin PBXProject section */
		603F505E2EF8436E008E8ADE /* Project object */ = {
			isa = PBXProject;
			attributes = {
				BuildIndependentTargetsInParallel = 1;
				LastSwiftUpdateCheck = 2620;
				LastUpgradeCheck = 2620;
				TargetAttributes = {
					603F50652EF8436E008E8ADE = {
						CreatedOnToolsVersion = 26.2;
					};
					603F50722EF84370008E8ADE = {
						CreatedOnToolsVersion = 26.2;
						TestTargetID = 603F50652EF8436E008E8ADE;
					};
					603F507C2EF84370008E8ADE = {
						CreatedOnToolsVersion = 26.2;
						TestTargetID = 603F50652EF8436E008E8ADE;
					};
					60D179EC2EFC5E8000EBBBF8 = {
						CreatedOnToolsVersion = 26.2;
					};
				};
			};
			buildConfigurationList = 603F50612EF8436E008E8ADE /* Build configuration list for PBXProject "Nepali Date" */;
			developmentRegion = en;
			hasScannedForEncodings = 0;
			knownRegions = (
				en,
				Base,
			);
			mainGroup = 603F505D2EF8436E008E8ADE;
			minimizedProjectReferenceProxies = 1;
			preferredProjectObjectVersion = 77;
			productRefGroup = 603F50672EF8436E008E8ADE /* Products */;
			projectDirPath = "";
			projectRoot = "";
			targets = (
				603F50652EF8436E008E8ADE /* Nepali Date */,
				603F50722EF84370008E8ADE /* Nepali DateTests */,
				603F507C2EF84370008E8ADE /* Nepali DateUITests */,
				60D179EC2EFC5E8000EBBBF8 /* NepaliDateWidgetExtension */,
			);
		};
/* End PBXProject section */

/* Begin PBXResourcesBuildPhase section */
		603F50642EF8436E008E8ADE /* Resources */ = {
			isa = PBXResourcesBuildPhase;
			buildActionMask = 2147483647;
			files = (
			);
			runOnlyForDeploymentPostprocessing = 0;
		};
		603F50712EF84370008E8ADE /* Resources */ = {
			isa = PBXResourcesBuildPhase;
			buildActionMask = 2147483647;
			files = (
			);
			runOnlyForDeploymentPostprocessing = 0;
		};
		603F507B2EF84370008E8ADE /* Resources */ = {
			isa = PBXResourcesBuildPhase;
			buildActionMask = 2147483647;
			files = (
			);
			runOnlyForDeploymentPostprocessing = 0;
		};
		60D179EB2EFC5E8000EBBBF8 /* Resources */ = {
			isa = PBXResourcesBuildPhase;
			buildActionMask = 2147483647;
			files = (
			);
			runOnlyForDeploymentPostprocessing = 0;
		};
/* End PBXResourcesBuildPhase section */

/* Begin PBXSourcesBuildPhase section */
		603F50622EF8436E008E8ADE /* Sources */ = {
			isa = PBXSourcesBuildPhase;
			buildActionMask = 2147483647;
			files = (
			);
			runOnlyForDeploymentPostprocessing = 0;
		};
		603F506F2EF84370008E8ADE /* Sources */ = {
			isa = PBXSourcesBuildPhase;
			buildActionMask = 2147483647;
			files = (
			);
			runOnlyForDeploymentPostprocessing = 0;
		};
		603F50792EF84370008E8ADE /* Sources */ = {
			isa = PBXSourcesBuildPhase;
			buildActionMask = 2147483647;
			files = (
			);
			runOnlyForDeploymentPostprocessing = 0;
		};
		60D179E92EFC5E8000EBBBF8 /* Sources */ = {
			isa = PBXSourcesBuildPhase;
			buildActionMask = 2147483647;
			files = (
			);
			runOnlyForDeploymentPostprocessing = 0;
		};
/* End PBXSourcesBuildPhase section */

/* Begin PBXTargetDependency section */
		603F50752EF84370008E8ADE /* PBXTargetDependency */ = {
			isa = PBXTargetDependency;
			target = 603F50652EF8436E008E8ADE /* Nepali Date */;
			targetProxy = 603F50742EF84370008E8ADE /* PBXContainerItemProxy */;
		};
		603F507F2EF84370008E8ADE /* PBXTargetDependency */ = {
			isa = PBXTargetDependency;
			target = 603F50652EF8436E008E8ADE /* Nepali Date */;
			targetProxy = 603F507E2EF84370008E8ADE /* PBXContainerItemProxy */;
		};
		60D179FE2EFC5E8200EBBBF8 /* PBXTargetDependency */ = {
			isa = PBXTargetDependency;
			target = 60D179EC2EFC5E8000EBBBF8 /* NepaliDateWidgetExtension */;
			targetProxy = 60D179FD2EFC5E8200EBBBF8 /* PBXContainerItemProxy */;
		};
/* End PBXTargetDependency section */

/* Begin XCBuildConfiguration section */
		603F50852EF84370008E8ADE /* Debug */ = {
			isa = XCBuildConfiguration;
			buildSettings = {
				ALWAYS_SEARCH_USER_PATHS = NO;
				ASSETCATALOG_COMPILER_GENERATE_SWIFT_ASSET_SYMBOL_EXTENSIONS = YES;
				CLANG_ANALYZER_NONNULL = YES;
				CLANG_ANALYZER_NUMBER_OBJECT_CONVERSION = YES_AGGRESSIVE;
				CLANG_CXX_LANGUAGE_STANDARD = "gnu++20";
				CLANG_ENABLE_MODULES = YES;
				CLANG_ENABLE_OBJC_ARC = YES;
				CLANG_ENABLE_OBJC_WEAK = YES;
				CLANG_WARN_BLOCK_CAPTURE_AUTORELEASING = YES;
				CLANG_WARN_BOOL_CONVERSION = YES;
				CLANG_WARN_COMMA = YES;
				CLANG_WARN_CONSTANT_CONVERSION = YES;
				CLANG_WARN_DEPRECATED_OBJC_IMPLEMENTATIONS = YES;
				CLANG_WARN_DIRECT_OBJC_ISA_USAGE = YES_ERROR;
				CLANG_WARN_DOCUMENTATION_COMMENTS = YES;
				CLANG_WARN_EMPTY_BODY = YES;
				CLANG_WARN_ENUM_CONVERSION = YES;
				CLANG_WARN_INFINITE_RECURSION = YES;
				CLANG_WARN_INT_CONVERSION = YES;
				CLANG_WARN_NON_LITERAL_NULL_CONVERSION = YES;
				CLANG_WARN_OBJC_IMPLICIT_RETAIN_SELF = YES;
				CLANG_WARN_OBJC_LITERAL_CONVERSION = YES;
				CLANG_WARN_OBJC_ROOT_CLASS = YES_ERROR;
				CLANG_WARN_QUOTED_INCLUDE_IN_FRAMEWORK_HEADER = YES;
				CLANG_WARN_RANGE_LOOP_ANALYSIS = YES;
				CLANG_WARN_STRICT_PROTOTYPES = YES;
				CLANG_WARN_SUSPICIOUS_MOVE = YES;
				CLANG_WARN_UNGUARDED_AVAILABILITY = YES_AGGRESSIVE;
				CLANG_WARN_UNREACHABLE_CODE = YES;
				CLANG_WARN__DUPLICATE_METHOD_MATCH = YES;
				COPY_PHASE_STRIP = NO;
				DEBUG_INFORMATION_FORMAT = dwarf;
				ENABLE_STRICT_OBJC_MSGSEND = YES;
				ENABLE_TESTABILITY = YES;
				ENABLE_USER_SCRIPT_SANDBOXING = YES;
				GCC_C_LANGUAGE_STANDARD = gnu17;
				GCC_DYNAMIC_NO_PIC = NO;
				GCC_NO_COMMON_BLOCKS = YES;
				GCC_OPTIMIZATION_LEVEL = 0;
				GCC_PREPROCESSOR_DEFINITIONS = (
					"DEBUG=1",
					"$(inherited)",
				);
				GCC_WARN_64_TO_32_BIT_CONVERSION = YES;
				GCC_WARN_ABOUT_RETURN_TYPE = YES_ERROR;
				GCC_WARN_UNDECLARED_SELECTOR = YES;
				GCC_WARN_UNINITIALIZED_AUTOS = YES_AGGRESSIVE;
				GCC_WARN_UNUSED_FUNCTION = YES;
				GCC_WARN_UNUSED_VARIABLE = YES;
				IPHONEOS_DEPLOYMENT_TARGET = 26.2;
				LOCALIZATION_PREFERS_STRING_CATALOGS = YES;
				MTL_ENABLE_DEBUG_INFO = INCLUDE_SOURCE;
				MTL_FAST_MATH = YES;
				ONLY_ACTIVE_ARCH = YES;
				SDKROOT = iphoneos;
				SWIFT_ACTIVE_COMPILATION_CONDITIONS = "DEBUG $(inherited)";
				SWIFT_OPTIMIZATION_LEVEL = "-Onone";
			};
			name = Debug;
		};
		603F50862EF84370008E8ADE /* Release */ = {
			isa = XCBuildConfiguration;
			buildSettings = {
				ALWAYS_SEARCH_USER_PATHS = NO;
				ASSETCATALOG_COMPILER_GENERATE_SWIFT_ASSET_SYMBOL_EXTENSIONS = YES;
				CLANG_ANALYZER_NONNULL = YES;
				CLANG_ANALYZER_NUMBER_OBJECT_CONVERSION = YES_AGGRESSIVE;
				CLANG_CXX_LANGUAGE_STANDARD = "gnu++20";
				CLANG_ENABLE_MODULES = YES;
				CLANG_ENABLE_OBJC_ARC = YES;
				CLANG_ENABLE_OBJC_WEAK = YES;
				CLANG_WARN_BLOCK_CAPTURE_AUTORELEASING = YES;
				CLANG_WARN_BOOL_CONVERSION = YES;
				CLANG_WARN_COMMA = YES;
				CLANG_WARN_CONSTANT_CONVERSION = YES;
				CLANG_WARN_DEPRECATED_OBJC_IMPLEMENTATIONS = YES;
				CLANG_WARN_DIRECT_OBJC_ISA_USAGE = YES_ERROR;
				CLANG_WARN_DOCUMENTATION_COMMENTS = YES;
				CLANG_WARN_EMPTY_BODY = YES;
				CLANG_WARN_ENUM_CONVERSION = YES;
				CLANG_WARN_INFINITE_RECURSION = YES;
				CLANG_WARN_INT_CONVERSION = YES;
				CLANG_WARN_NON_LITERAL_NULL_CONVERSION = YES;
				CLANG_WARN_OBJC_IMPLICIT_RETAIN_SELF = YES;
				CLANG_WARN_OBJC_LITERAL_CONVERSION = YES;
				CLANG_WARN_OBJC_ROOT_CLASS = YES_ERROR;
				CLANG_WARN_QUOTED_INCLUDE_IN_FRAMEWORK_HEADER = YES;
				CLANG_WARN_RANGE_LOOP_ANALYSIS = YES;
				CLANG_WARN_STRICT_PROTOTYPES = YES;
				CLANG_WARN_SUSPICIOUS_MOVE = YES;
				CLANG_WARN_UNGUARDED_AVAILABILITY = YES_AGGRESSIVE;
				CLANG_WARN_UNREACHABLE_CODE = YES;
				CLANG_WARN__DUPLICATE_METHOD_MATCH = YES;
				COPY_PHASE_STRIP = NO;
				DEBUG_INFORMATION_FORMAT = "dwarf-with-dsym";
				ENABLE_NS_ASSERTIONS = NO;
				ENABLE_STRICT_OBJC_MSGSEND = YES;
				ENABLE_USER_SCRIPT_SANDBOXING = YES;
				GCC_C_LANGUAGE_STANDARD = gnu17;
				GCC_NO_COMMON_BLOCKS = YES;
				GCC_WARN_64_TO_32_BIT_CONVERSION = YES;
				GCC_WARN_ABOUT_RETURN_TYPE = YES_ERROR;
				GCC_WARN_UNDECLARED_SELECTOR = YES;
				GCC_WARN_UNINITIALIZED_AUTOS = YES_AGGRESSIVE;
				GCC_WARN_UNUSED_FUNCTION = YES;
				GCC_WARN_UNUSED_VARIABLE = YES;
				IPHONEOS_DEPLOYMENT_TARGET = 26.2;
				LOCALIZATION_PREFERS_STRING_CATALOGS = YES;
				MTL_ENABLE_DEBUG_INFO = NO;
				MTL_FAST_MATH = YES;
				SDKROOT = iphoneos;
				SWIFT_COMPILATION_MODE = wholemodule;
				VALIDATE_PRODUCT = YES;
			};
			name = Release;
		};
		603F50882EF84370008E8ADE /* Debug */ = {
			isa = XCBuildConfiguration;
			buildSettings = {
				ASSETCATALOG_COMPILER_APPICON_NAME = AppIcon;
				ASSETCATALOG_COMPILER_GLOBAL_ACCENT_COLOR_NAME = AccentColor;
				CODE_SIGN_STYLE = Automatic;
				CURRENT_PROJECT_VERSION = 1;
				DEVELOPMENT_TEAM = TWKXF2LT7F;
				ENABLE_PREVIEWS = YES;
				GENERATE_INFOPLIST_FILE = YES;
				INFOPLIST_KEY_CFBundleDisplayName = "Nepali Date";
				INFOPLIST_KEY_LSApplicationCategoryType = "public.app-category.utilities";
				INFOPLIST_KEY_UIApplicationSceneManifest_Generation = YES;
				INFOPLIST_KEY_UIApplicationSupportsIndirectInputEvents = YES;
				INFOPLIST_KEY_UILaunchScreen_Generation = YES;
				INFOPLIST_KEY_UISupportedInterfaceOrientations_iPad = "UIInterfaceOrientationPortrait UIInterfaceOrientationPortraitUpsideDown UIInterfaceOrientationLandscapeLeft UIInterfaceOrientationLandscapeRight";
				INFOPLIST_KEY_UISupportedInterfaceOrientations_iPhone = "UIInterfaceOrientationPortrait UIInterfaceOrientationLandscapeLeft UIInterfaceOrientationLandscapeRight";
				IPHONEOS_DEPLOYMENT_TARGET = 18.6;
				LD_RUNPATH_SEARCH_PATHS = (
					"$(inherited)",
					"@executable_path/Frameworks",
				);
				MARKETING_VERSION = 1.0;
				PRODUCT_BUNDLE_IDENTIFIER = "bibek.Nepali-Date";
				PRODUCT_NAME = "$(TARGET_NAME)";
				STRING_CATALOG_GENERATE_SYMBOLS = YES;
				SWIFT_APPROACHABLE_CONCURRENCY = YES;
				SWIFT_DEFAULT_ACTOR_ISOLATION = MainActor;
				SWIFT_EMIT_LOC_STRINGS = YES;
				SWIFT_UPCOMING_FEATURE_MEMBER_IMPORT_VISIBILITY = YES;
				SWIFT_VERSION = 5.0;
				TARGETED_DEVICE_FAMILY = "1,2";
			};
			name = Debug;
		};
		603F50892EF84370008E8ADE /* Release */ = {
			isa = XCBuildConfiguration;
			buildSettings = {
				ASSETCATALOG_COMPILER_APPICON_NAME = AppIcon;
				ASSETCATALOG_COMPILER_GLOBAL_ACCENT_COLOR_NAME = AccentColor;
				CODE_SIGN_STYLE = Automatic;
				CURRENT_PROJECT_VERSION = 1;
				DEVELOPMENT_TEAM = TWKXF2LT7F;
				ENABLE_PREVIEWS = YES;
				GENERATE_INFOPLIST_FILE = YES;
				INFOPLIST_KEY_CFBundleDisplayName = "Nepali Date";
				INFOPLIST_KEY_LSApplicationCategoryType = "public.app-category.utilities";
				INFOPLIST_KEY_UIApplicationSceneManifest_Generation = YES;
				INFOPLIST_KEY_UIApplicationSupportsIndirectInputEvents = YES;
				INFOPLIST_KEY_UILaunchScreen_Generation = YES;
				INFOPLIST_KEY_UISupportedInterfaceOrientations_iPad = "UIInterfaceOrientationPortrait UIInterfaceOrientationPortraitUpsideDown UIInterfaceOrientationLandscapeLeft UIInterfaceOrientationLandscapeRight";
				INFOPLIST_KEY_UISupportedInterfaceOrientations_iPhone = "UIInterfaceOrientationPortrait UIInterfaceOrientationLandscapeLeft UIInterfaceOrientationLandscapeRight";
				IPHONEOS_DEPLOYMENT_TARGET = 18.6;
				LD_RUNPATH_SEARCH_PATHS = (
					"$(inherited)",
					"@executable_path/Frameworks",
				);
				MARKETING_VERSION = 1.0;
				PRODUCT_BUNDLE_IDENTIFIER = "bibek.Nepali-Date";
				PRODUCT_NAME = "$(TARGET_NAME)";
				STRING_CATALOG_GENERATE_SYMBOLS = YES;
				SWIFT_APPROACHABLE_CONCURRENCY = YES;
				SWIFT_DEFAULT_ACTOR_ISOLATION = MainActor;
				SWIFT_EMIT_LOC_STRINGS = YES;
				SWIFT_UPCOMING_FEATURE_MEMBER_IMPORT_VISIBILITY = YES;
				SWIFT_VERSION = 5.0;
				TARGETED_DEVICE_FAMILY = "1,2";
			};
			name = Release;
		};
		603F508B2EF84370008E8ADE /* Debug */ = {
			isa = XCBuildConfiguration;
			buildSettings = {
				BUNDLE_LOADER = "$(TEST_HOST)";
				CODE_SIGN_STYLE = Automatic;
				CURRENT_PROJECT_VERSION = 1;
				GENERATE_INFOPLIST_FILE = YES;
				IPHONEOS_DEPLOYMENT_TARGET = 26.2;
				MARKETING_VERSION = 1.0;
				PRODUCT_BUNDLE_IDENTIFIER = "bibek.Nepali-DateTests";
				PRODUCT_NAME = "$(TARGET_NAME)";
				STRING_CATALOG_GENERATE_SYMBOLS = NO;
				SWIFT_APPROACHABLE_CONCURRENCY = YES;
				SWIFT_EMIT_LOC_STRINGS = NO;
				SWIFT_UPCOMING_FEATURE_MEMBER_IMPORT_VISIBILITY = YES;
				SWIFT_VERSION = 5.0;
				TARGETED_DEVICE_FAMILY = "1,2";
				TEST_HOST = "$(BUILT_PRODUCTS_DIR)/Nepali Date.app/$(BUNDLE_EXECUTABLE_FOLDER_PATH)/Nepali Date";
			};
			name = Debug;
		};
		603F508C2EF84370008E8ADE /* Release */ = {
			isa = XCBuildConfiguration;
			buildSettings = {
				BUNDLE_LOADER = "$(TEST_HOST)";
				CODE_SIGN_STYLE = Automatic;
				CURRENT_PROJECT_VERSION = 1;
				GENERATE_INFOPLIST_FILE = YES;
				IPHONEOS_DEPLOYMENT_TARGET = 26.2;
				MARKETING_VERSION = 1.0;
				PRODUCT_BUNDLE_IDENTIFIER = "bibek.Nepali-DateTests";
				PRODUCT_NAME = "$(TARGET_NAME)";
				STRING_CATALOG_GENERATE_SYMBOLS = NO;
				SWIFT_APPROACHABLE_CONCURRENCY = YES;
				SWIFT_EMIT_LOC_STRINGS = NO;
				SWIFT_UPCOMING_FEATURE_MEMBER_IMPORT_VISIBILITY = YES;
				SWIFT_VERSION = 5.0;
				TARGETED_DEVICE_FAMILY = "1,2";
				TEST_HOST = "$(BUILT_PRODUCTS_DIR)/Nepali Date.app/$(BUNDLE_EXECUTABLE_FOLDER_PATH)/Nepali Date";
			};
			name = Release;
		};
		603F508E2EF84370008E8ADE /* Debug */ = {
			isa = XCBuildConfiguration;
			buildSettings = {
				CODE_SIGN_STYLE = Automatic;
				CURRENT_PROJECT_VERSION = 1;
				GENERATE_INFOPLIST_FILE = YES;
				MARKETING_VERSION = 1.0;
				PRODUCT_BUNDLE_IDENTIFIER = "bibek.Nepali-DateUITests";
				PRODUCT_NAME = "$(TARGET_NAME)";
				STRING_CATALOG_GENERATE_SYMBOLS = NO;
				SWIFT_APPROACHABLE_CONCURRENCY = YES;
				SWIFT_EMIT_LOC_STRINGS = NO;
				SWIFT_UPCOMING_FEATURE_MEMBER_IMPORT_VISIBILITY = YES;
				SWIFT_VERSION = 5.0;
				TARGETED_DEVICE_FAMILY = "1,2";
				TEST_TARGET_NAME = "Nepali Date";
			};
			name = Debug;
		};
		603F508F2EF84370008E8ADE /* Release */ = {
			isa = XCBuildConfiguration;
			buildSettings = {
				CODE_SIGN_STYLE = Automatic;
				CURRENT_PROJECT_VERSION = 1;
				GENERATE_INFOPLIST_FILE = YES;
				MARKETING_VERSION = 1.0;
				PRODUCT_BUNDLE_IDENTIFIER = "bibek.Nepali-DateUITests";
				PRODUCT_NAME = "$(TARGET_NAME)";
				STRING_CATALOG_GENERATE_SYMBOLS = NO;
				SWIFT_APPROACHABLE_CONCURRENCY = YES;
				SWIFT_EMIT_LOC_STRINGS = NO;
				SWIFT_UPCOMING_FEATURE_MEMBER_IMPORT_VISIBILITY = YES;
				SWIFT_VERSION = 5.0;
				TARGETED_DEVICE_FAMILY = "1,2";
				TEST_TARGET_NAME = "Nepali Date";
			};
			name = Release;
		};
		60D17A012EFC5E8200EBBBF8 /* Debug */ = {
			isa = XCBuildConfiguration;
			buildSettings = {
				ASSETCATALOG_COMPILER_GLOBAL_ACCENT_COLOR_NAME = AccentColor;
				ASSETCATALOG_COMPILER_WIDGET_BACKGROUND_COLOR_NAME = WidgetBackground;
				CODE_SIGN_STYLE = Automatic;
				CURRENT_PROJECT_VERSION = 1;
				DEVELOPMENT_TEAM = TWKXF2LT7F;
				GENERATE_INFOPLIST_FILE = YES;
				INFOPLIST_FILE = NepaliDateWidget/Info.plist;
				INFOPLIST_KEY_CFBundleDisplayName = NepaliDateWidget;
				INFOPLIST_KEY_NSHumanReadableCopyright = "";
				IPHONEOS_DEPLOYMENT_TARGET = 18.6;
				LD_RUNPATH_SEARCH_PATHS = (
					"$(inherited)",
					"@executable_path/Frameworks",
					"@executable_path/../../Frameworks",
				);
				MARKETING_VERSION = 1.0;
				PRODUCT_BUNDLE_IDENTIFIER = "bibek.Nepali-Date.NepaliDateWidget";
				PRODUCT_NAME = "$(TARGET_NAME)";
				SKIP_INSTALL = YES;
				STRING_CATALOG_GENERATE_SYMBOLS = YES;
				SWIFT_APPROACHABLE_CONCURRENCY = YES;
				SWIFT_EMIT_LOC_STRINGS = YES;
				SWIFT_UPCOMING_FEATURE_MEMBER_IMPORT_VISIBILITY = YES;
				SWIFT_VERSION = 5.0;
				TARGETED_DEVICE_FAMILY = "1,2";
			};
			name = Debug;
		};
		60D17A022EFC5E8200EBBBF8 /* Release */ = {
			isa = XCBuildConfiguration;
			buildSettings = {
				ASSETCATALOG_COMPILER_GLOBAL_ACCENT_COLOR_NAME = AccentColor;
				ASSETCATALOG_COMPILER_WIDGET_BACKGROUND_COLOR_NAME = WidgetBackground;
				CODE_SIGN_STYLE = Automatic;
				CURRENT_PROJECT_VERSION = 1;
				DEVELOPMENT_TEAM = TWKXF2LT7F;
				GENERATE_INFOPLIST_FILE = YES;
				INFOPLIST_FILE = NepaliDateWidget/Info.plist;
				INFOPLIST_KEY_CFBundleDisplayName = NepaliDateWidget;
				INFOPLIST_KEY_NSHumanReadableCopyright = "";
				IPHONEOS_DEPLOYMENT_TARGET = 18.6;
				LD_RUNPATH_SEARCH_PATHS = (
					"$(inherited)",
					"@executable_path/Frameworks",
					"@executable_path/../../Frameworks",
				);
				MARKETING_VERSION = 1.0;
				PRODUCT_BUNDLE_IDENTIFIER = "bibek.Nepali-Date.NepaliDateWidget";
				PRODUCT_NAME = "$(TARGET_NAME)";
				SKIP_INSTALL = YES;
				STRING_CATALOG_GENERATE_SYMBOLS = YES;
				SWIFT_APPROACHABLE_CONCURRENCY = YES;
				SWIFT_EMIT_LOC_STRINGS = YES;
				SWIFT_UPCOMING_FEATURE_MEMBER_IMPORT_VISIBILITY = YES;
				SWIFT_VERSION = 5.0;
				TARGETED_DEVICE_FAMILY = "1,2";
			};
			name = Release;
		};
/* End XCBuildConfiguration section */

/* Begin XCConfigurationList section */
		603F50612EF8436E008E8ADE /* Build configuration list for PBXProject "Nepali Date" */ = {
			isa = XCConfigurationList;
			buildConfigurations = (
				603F50852EF84370008E8ADE /* Debug */,
				603F50862EF84370008E8ADE /* Release */,
			);
			defaultConfigurationIsVisible = 0;
			defaultConfigurationName = Release;
		};
		603F50872EF84370008E8ADE /* Build configuration list for PBXNativeTarget "Nepali Date" */ = {
			isa = XCConfigurationList;
			buildConfigurations = (
				603F50882EF84370008E8ADE /* Debug */,
				603F50892EF84370008E8ADE /* Release */,
			);
			defaultConfigurationIsVisible = 0;
			defaultConfigurationName = Release;
		};
		603F508A2EF84370008E8ADE /* Build configuration list for PBXNativeTarget "Nepali DateTests" */ = {
			isa = XCConfigurationList;
			buildConfigurations = (
				603F508B2EF84370008E8ADE /* Debug */,
				603F508C2EF84370008E8ADE /* Release */,
			);
			defaultConfigurationIsVisible = 0;
			defaultConfigurationName = Release;
		};
		603F508D2EF84370008E8ADE /* Build configuration list for PBXNativeTarget "Nepali DateUITests" */ = {
			isa = XCConfigurationList;
			buildConfigurations = (
				603F508E2EF84370008E8ADE /* Debug */,
				603F508F2EF84370008E8ADE /* Release */,
			);
			defaultConfigurationIsVisible = 0;
			defaultConfigurationName = Release;
		};
		60D17A042EFC5E8200EBBBF8 /* Build configuration list for PBXNativeTarget "NepaliDateWidgetExtension" */ = {
			isa = XCConfigurationList;
			buildConfigurations = (
				60D17A012EFC5E8200EBBBF8 /* Debug */,
				60D17A022EFC5E8200EBBBF8 /* Release */,
			);
			defaultConfigurationIsVisible = 0;
			defaultConfigurationName = Release;
		};
/* End XCConfigurationList section */
	};
	rootObject = 603F505E2EF8436E008E8ADE /* Project object */;
}
